
Microsoft Visual Studio Solution File, Format Version 12.00
# Visual Studio Version 17
VisualStudioVersion = 17.13.35931.197 d17.13
MinimumVisualStudioVersion = 10.0.40219.1
Project("{FAE04EC0-301F-11D3-BF4B-00C04F79EFBC}") = "DiaryApp", "DiaryApp.csproj", "{F1BE1175-3DD0-44D8-AF16-6FE8E42F55C6}"
EndProject
Global
	GlobalSection(SolutionConfigurationPlatforms) = preSolution
		Debug|Any CPU = Debug|Any CPU
		Release|Any CPU = Release|Any CPU
	EndGlobalSection
	GlobalSection(ProjectConfigurationPlatforms) = postSolution
		{F1BE1175-3DD0-44D8-AF16-6FE8E42F55C6}.Debug|Any CPU.ActiveCfg = Debug|Any CPU
		{F1BE1175-3DD0-44D8-AF16-6FE8E42F55C6}.Debug|Any CPU.Build.0 = Debug|Any CPU
		{F1BE1175-3DD0-44D8-AF16-6FE8E42F55C6}.Release|Any CPU.ActiveCfg = Release|Any CPU
		{F1BE1175-3DD0-44D8-AF16-6FE8E42F55C6}.Release|Any CPU.Build.0 = Release|Any CPU
	EndGlobalSection
	GlobalSection(SolutionProperties) = preSolution
		HideSolutionNode = FALSE
	EndGlobalSection
	GlobalSection(ExtensibilityGlobals) = postSolution
		SolutionGuid = {27BA2C6B-5235-4CFB-B9DE-04DFC8C13791}
	EndGlobalSection
EndGlobal
